{
  "version": 4,
  "terraform_version": "1.4.5",
  "serial": 63,
  "lineage": "00fd293c-3e57-e541-d0e7-3c598656689c",
  "outputs": {
    "endpoint": {
      "value": "www.pizzeriaroma-spandau-website.s3-website.eu-central-1.amazonaws.com",
      "type": "string"
    }
  },
  "resources": [
    {
      "mode": "data",
      "type": "aws_iam_policy_document",
      "name": "iam-policy-1",
      "provider": "provider[\"registry.terraform.io/hashicorp/aws\"]",
      "instances": [
        {
          "schema_version": 0,
          "attributes": {
            "id": "2562225967",
            "json": "{\n  \"Version\": \"2012-10-17\",\n  \"Statement\": [\n    {\n      \"Sid\": \"AllowPublicRead\",\n      \"Effect\": \"Allow\",\n      \"Action\": \"S3:GetObject\",\n      \"Resource\": [\n        \"arn:aws:s3:::www.pizzeriaroma-spandau-website/*\",\n        \"arn:aws:s3:::www.pizzeriaroma-spandau-website\"\n      ],\n      \"Principal\": \"*\"\n    }\n  ]\n}",
            "override_json": null,
            "override_policy_documents": null,
            "policy_id": null,
            "source_json": null,
            "source_policy_documents": null,
            "statement": [
              {
                "actions": [
                  "S3:GetObject"
                ],
                "condition": [],
                "effect": "Allow",
                "not_actions": [],
                "not_principals": [],
                "not_resources": [],
                "principals": [
                  {
                    "identifiers": [
                      "*"
                    ],
                    "type": "*"
                  }
                ],
                "resources": [
                  "arn:aws:s3:::www.pizzeriaroma-spandau-website",
                  "arn:aws:s3:::www.pizzeriaroma-spandau-website/*"
                ],
                "sid": "AllowPublicRead"
              }
            ],
            "version": "2012-10-17"
          },
          "sensitive_attributes": []
        }
      ]
    },
    {
      "mode": "data",
      "type": "aws_s3_bucket",
      "name": "selected-bucket",
      "provider": "provider[\"registry.terraform.io/hashicorp/aws\"]",
      "instances": [
        {
          "schema_version": 0,
          "attributes": {
            "arn": "arn:aws:s3:::www.pizzeriaroma-spandau-website",
            "bucket": "www.pizzeriaroma-spandau-website",
            "bucket_domain_name": "www.pizzeriaroma-spandau-website.s3.amazonaws.com",
            "bucket_regional_domain_name": "www.pizzeriaroma-spandau-website.s3.eu-central-1.amazonaws.com",
            "hosted_zone_id": "Z21DNDUVLTQW6Q",
            "id": "www.pizzeriaroma-spandau-website",
            "region": "eu-central-1",
            "website_domain": "s3-website.eu-central-1.amazonaws.com",
            "website_endpoint": "www.pizzeriaroma-spandau-website.s3-website.eu-central-1.amazonaws.com"
          },
          "sensitive_attributes": []
        }
      ]
    },
    {
      "mode": "managed",
      "type": "aws_acm_certificate",
      "name": "ssl_certificate",
      "provider": "provider[\"registry.terraform.io/hashicorp/aws\"].us_east_1",
      "instances": [
        {
          "schema_version": 0,
          "attributes": {
            "arn": "arn:aws:acm:us-east-1:807352208896:certificate/73b1cedd-b318-4b52-a3d3-3c82aed05e5a",
            "certificate_authority_arn": "",
            "certificate_body": null,
            "certificate_chain": null,
            "domain_name": "pizzeriaroma-spandau.de",
            "domain_validation_options": [
              {
                "domain_name": "pizzeriaroma-spandau.de",
                "resource_record_name": "_7045e583fbc6dce06a3beb34d74f6cfb.pizzeriaroma-spandau.de.",
                "resource_record_type": "CNAME",
                "resource_record_value": "_61f60c3e0ea149c0b7b6370810ed5534.zfyfvmchrl.acm-validations.aws."
              },
              {
                "domain_name": "www.pizzeriaroma-spandau.de",
                "resource_record_name": "_ccc75cb410c193811e0405ea6c7fe693.www.pizzeriaroma-spandau.de.",
                "resource_record_type": "CNAME",
                "resource_record_value": "_238bff154a1cc19e4e29454d718524c0.zfyfvmchrl.acm-validations.aws."
              }
            ],
            "id": "arn:aws:acm:us-east-1:807352208896:certificate/73b1cedd-b318-4b52-a3d3-3c82aed05e5a",
            "options": [
              {
                "certificate_transparency_logging_preference": "ENABLED"
              }
            ],
            "private_key": null,
            "status": "ISSUED",
            "subject_alternative_names": [
              "www.pizzeriaroma-spandau.de"
            ],
            "tags": {},
            "tags_all": {},
            "validation_emails": [],
            "validation_method": "DNS"
          },
          "sensitive_attributes": [],
          "private": "bnVsbA==",
          "create_before_destroy": true
        }
      ]
    },
    {
      "mode": "managed",
      "type": "aws_cloudfront_distribution",
      "name": "this",
      "provider": "provider[\"registry.terraform.io/hashicorp/aws\"]",
      "instances": [
        {
          "schema_version": 1,
          "attributes": {
            "aliases": [
              "pizzeriaroma-spandau.de"
            ],
            "arn": "arn:aws:cloudfront::807352208896:distribution/E27723XKO2VZHE",
            "caller_reference": "terraform-20241225220831655900000001",
            "comment": null,
            "custom_error_response": [],
            "default_cache_behavior": [
              {
                "allowed_methods": [
                  "GET",
                  "HEAD"
                ],
                "cache_policy_id": "",
                "cached_methods": [
                  "GET",
                  "HEAD"
                ],
                "compress": false,
                "default_ttl": 0,
                "field_level_encryption_id": "",
                "forwarded_values": [
                  {
                    "cookies": [
                      {
                        "forward": "all",
                        "whitelisted_names": []
                      }
                    ],
                    "headers": [],
                    "query_string": true,
                    "query_string_cache_keys": []
                  }
                ],
                "function_association": [],
                "lambda_function_association": [],
                "max_ttl": 0,
                "min_ttl": 0,
                "origin_request_policy_id": "",
                "realtime_log_config_arn": "",
                "response_headers_policy_id": "",
                "smooth_streaming": false,
                "target_origin_id": "www.pizzeriaroma-spandau-website-origin",
                "trusted_key_groups": [],
                "trusted_signers": [],
                "viewer_protocol_policy": "redirect-to-https"
              }
            ],
            "default_root_object": "",
            "domain_name": "d24i55nnv08xug.cloudfront.net",
            "enabled": true,
            "etag": "E2839R1LDWY2YV",
            "hosted_zone_id": "Z2FDTNDATAQYW2",
            "http_version": "http2",
            "id": "E27723XKO2VZHE",
            "in_progress_validation_batches": 0,
            "is_ipv6_enabled": false,
            "last_modified_time": "2024-12-25 23:15:08.078 +0000 UTC",
            "logging_config": [],
            "ordered_cache_behavior": [],
            "origin": [
              {
                "connection_attempts": 3,
                "connection_timeout": 10,
                "custom_header": [],
                "custom_origin_config": [
                  {
                    "http_port": 80,
                    "https_port": 443,
                    "origin_keepalive_timeout": 5,
                    "origin_protocol_policy": "http-only",
                    "origin_read_timeout": 30,
                    "origin_ssl_protocols": [
                      "TLSv1"
                    ]
                  }
                ],
                "domain_name": "www.pizzeriaroma-spandau-website.s3-website.eu-central-1.amazonaws.com",
                "origin_id": "www.pizzeriaroma-spandau-website-origin",
                "origin_path": "",
                "origin_shield": [],
                "s3_origin_config": []
              }
            ],
            "origin_group": [],
            "price_class": "PriceClass_100",
            "restrictions": [
              {
                "geo_restriction": [
                  {
                    "locations": [],
                    "restriction_type": "none"
                  }
                ]
              }
            ],
            "retain_on_delete": false,
            "status": "Deployed",
            "tags": {},
            "tags_all": {},
            "trusted_key_groups": [
              {
                "enabled": false,
                "items": []
              }
            ],
            "trusted_signers": [
              {
                "enabled": false,
                "items": []
              }
            ],
            "viewer_certificate": [
              {
                "acm_certificate_arn": "arn:aws:acm:us-east-1:807352208896:certificate/73b1cedd-b318-4b52-a3d3-3c82aed05e5a",
                "cloudfront_default_certificate": false,
                "iam_certificate_id": "",
                "minimum_protocol_version": "TLSv1.2_2021",
                "ssl_support_method": "sni-only"
              }
            ],
            "wait_for_deployment": true,
            "web_acl_id": ""
          },
          "sensitive_attributes": [],
          "private": "eyJzY2hlbWFfdmVyc2lvbiI6IjEifQ==",
          "dependencies": [
            "aws_acm_certificate.ssl_certificate"
          ]
        }
      ]
    },
    {
      "mode": "managed",
      "type": "aws_route53_record",
      "name": "certificate_validation",
      "provider": "provider[\"registry.terraform.io/hashicorp/aws\"]",
      "instances": [
        {
          "index_key": "pizzeriaroma-spandau.de",
          "schema_version": 2,
          "attributes": {
            "alias": [],
            "allow_overwrite": null,
            "failover_routing_policy": [],
            "fqdn": "_7045e583fbc6dce06a3beb34d74f6cfb.pizzeriaroma-spandau.de",
            "geolocation_routing_policy": [],
            "health_check_id": "",
            "id": "Z02083807QZB8HD78K0Z__7045e583fbc6dce06a3beb34d74f6cfb.pizzeriaroma-spandau.de._CNAME",
            "latency_routing_policy": [],
            "multivalue_answer_routing_policy": null,
            "name": "_7045e583fbc6dce06a3beb34d74f6cfb.pizzeriaroma-spandau.de",
            "records": [
              "_61f60c3e0ea149c0b7b6370810ed5534.zfyfvmchrl.acm-validations.aws."
            ],
            "set_identifier": "",
            "ttl": 60,
            "type": "CNAME",
            "weighted_routing_policy": [],
            "zone_id": "Z02083807QZB8HD78K0Z"
          },
          "sensitive_attributes": [],
          "private": "eyJzY2hlbWFfdmVyc2lvbiI6IjIifQ==",
          "dependencies": [
            "aws_acm_certificate.ssl_certificate",
            "aws_route53_zone.primary"
          ]
        },
        {
          "index_key": "www.pizzeriaroma-spandau.de",
          "schema_version": 2,
          "attributes": {
            "alias": [],
            "allow_overwrite": null,
            "failover_routing_policy": [],
            "fqdn": "_ccc75cb410c193811e0405ea6c7fe693.www.pizzeriaroma-spandau.de",
            "geolocation_routing_policy": [],
            "health_check_id": "",
            "id": "Z02083807QZB8HD78K0Z__ccc75cb410c193811e0405ea6c7fe693.www.pizzeriaroma-spandau.de._CNAME",
            "latency_routing_policy": [],
            "multivalue_answer_routing_policy": null,
            "name": "_ccc75cb410c193811e0405ea6c7fe693.www.pizzeriaroma-spandau.de",
            "records": [
              "_238bff154a1cc19e4e29454d718524c0.zfyfvmchrl.acm-validations.aws."
            ],
            "set_identifier": "",
            "ttl": 60,
            "type": "CNAME",
            "weighted_routing_policy": [],
            "zone_id": "Z02083807QZB8HD78K0Z"
          },
          "sensitive_attributes": [],
          "private": "eyJzY2hlbWFfdmVyc2lvbiI6IjIifQ==",
          "dependencies": [
            "aws_acm_certificate.ssl_certificate",
            "aws_route53_zone.primary"
          ]
        }
      ]
    },
    {
      "mode": "managed",
      "type": "aws_route53_zone",
      "name": "primary",
      "provider": "provider[\"registry.terraform.io/hashicorp/aws\"]",
      "instances": [
        {
          "schema_version": 0,
          "attributes": {
            "arn": "arn:aws:route53:::hostedzone/Z02083807QZB8HD78K0Z",
            "comment": "Managed by Terraform",
            "delegation_set_id": "",
            "force_destroy": false,
            "id": "Z02083807QZB8HD78K0Z",
            "name": "pizzeriaroma-spandau.de",
            "name_servers": [
              "ns-137.awsdns-17.com",
              "ns-1458.awsdns-54.org",
              "ns-1733.awsdns-24.co.uk",
              "ns-693.awsdns-22.net"
            ],
            "tags": {},
            "tags_all": {},
            "vpc": [],
            "zone_id": "Z02083807QZB8HD78K0Z"
          },
          "sensitive_attributes": [],
          "private": "bnVsbA=="
        }
      ]
    },
    {
      "mode": "managed",
      "type": "aws_s3_bucket",
      "name": "bucket-1",
      "provider": "provider[\"registry.terraform.io/hashicorp/aws\"]",
      "instances": [
        {
          "schema_version": 0,
          "attributes": {
            "acceleration_status": "",
            "acl": "private",
            "arn": "arn:aws:s3:::www.pizzeriaroma-spandau-website",
            "bucket": "www.pizzeriaroma-spandau-website",
            "bucket_domain_name": "www.pizzeriaroma-spandau-website.s3.amazonaws.com",
            "bucket_prefix": null,
            "bucket_regional_domain_name": "www.pizzeriaroma-spandau-website.s3.eu-central-1.amazonaws.com",
            "cors_rule": [
              {
                "allowed_headers": [
                  "Authorization",
                  "Content-Length"
                ],
                "allowed_methods": [
                  "POST",
                  "GET"
                ],
                "allowed_origins": [
                  "https://www.pizzeriaroma-spandau.de"
                ],
                "expose_headers": [],
                "max_age_seconds": 3000
              }
            ],
            "force_destroy": false,
            "grant": [
              {
                "id": "",
                "permissions": [
                  "READ"
                ],
                "type": "Group",
                "uri": "http://acs.amazonaws.com/groups/global/AllUsers"
              },
              {
                "id": "05f1352d426c7dadc588cb075019c937c96735060456824e8302c378d075c6f8",
                "permissions": [
                  "FULL_CONTROL"
                ],
                "type": "CanonicalUser",
                "uri": ""
              }
            ],
            "hosted_zone_id": "Z21DNDUVLTQW6Q",
            "id": "www.pizzeriaroma-spandau-website",
            "lifecycle_rule": [],
            "logging": [],
            "object_lock_configuration": [],
            "policy": "{\"Version\":\"2012-10-17\",\"Statement\":[{\"Sid\":\"AllowPublicRead\",\"Effect\":\"Allow\",\"Principal\":\"*\",\"Action\":\"S3:GetObject\",\"Resource\":[\"arn:aws:s3:::www.pizzeriaroma-spandau-website/*\",\"arn:aws:s3:::www.pizzeriaroma-spandau-website\"]}]}",
            "region": "eu-central-1",
            "replication_configuration": [],
            "request_payer": "BucketOwner",
            "server_side_encryption_configuration": [
              {
                "rule": [
                  {
                    "apply_server_side_encryption_by_default": [
                      {
                        "kms_master_key_id": "",
                        "sse_algorithm": "AES256"
                      }
                    ],
                    "bucket_key_enabled": false
                  }
                ]
              }
            ],
            "tags": {},
            "tags_all": {},
            "versioning": [
              {
                "enabled": true,
                "mfa_delete": false
              }
            ],
            "website": [
              {
                "error_document": "404.html",
                "index_document": "index.html",
                "redirect_all_requests_to": "",
                "routing_rules": ""
              }
            ],
            "website_domain": "s3-website.eu-central-1.amazonaws.com",
            "website_endpoint": "www.pizzeriaroma-spandau-website.s3-website.eu-central-1.amazonaws.com"
          },
          "sensitive_attributes": [],
          "private": "bnVsbA=="
        }
      ]
    },
    {
      "mode": "managed",
      "type": "aws_s3_bucket_acl",
      "name": "bucket-acl",
      "provider": "provider[\"registry.terraform.io/hashicorp/aws\"]",
      "instances": [
        {
          "schema_version": 0,
          "attributes": {
            "access_control_policy": [
              {
                "grant": [
                  {
                    "grantee": [
                      {
                        "display_name": "",
                        "email_address": "",
                        "id": "",
                        "type": "Group",
                        "uri": "http://acs.amazonaws.com/groups/global/AllUsers"
                      }
                    ],
                    "permission": "READ"
                  },
                  {
                    "grantee": [
                      {
                        "display_name": "",
                        "email_address": "",
                        "id": "05f1352d426c7dadc588cb075019c937c96735060456824e8302c378d075c6f8",
                        "type": "CanonicalUser",
                        "uri": ""
                      }
                    ],
                    "permission": "FULL_CONTROL"
                  }
                ],
                "owner": [
                  {
                    "display_name": "",
                    "id": "05f1352d426c7dadc588cb075019c937c96735060456824e8302c378d075c6f8"
                  }
                ]
              }
            ],
            "acl": "public-read",
            "bucket": "www.pizzeriaroma-spandau-website",
            "expected_bucket_owner": "",
            "id": "www.pizzeriaroma-spandau-website,public-read"
          },
          "sensitive_attributes": [],
          "private": "bnVsbA==",
          "dependencies": [
            "aws_s3_bucket.bucket-1",
            "aws_s3_bucket_ownership_controls.s3_bucket_acl_ownership",
            "aws_s3_bucket_public_access_block.example",
            "data.aws_s3_bucket.selected-bucket"
          ]
        }
      ]
    },
    {
      "mode": "managed",
      "type": "aws_s3_bucket_cors_configuration",
      "name": "example",
      "provider": "provider[\"registry.terraform.io/hashicorp/aws\"]",
      "instances": [
        {
          "schema_version": 0,
          "attributes": {
            "bucket": "www.pizzeriaroma-spandau-website",
            "cors_rule": [
              {
                "allowed_headers": [
                  "Authorization",
                  "Content-Length"
                ],
                "allowed_methods": [
                  "GET",
                  "POST"
                ],
                "allowed_origins": [
                  "https://www.pizzeriaroma-spandau.de"
                ],
                "expose_headers": [],
                "id": "",
                "max_age_seconds": 3000
              }
            ],
            "expected_bucket_owner": "",
            "id": "www.pizzeriaroma-spandau-website"
          },
          "sensitive_attributes": [],
          "private": "bnVsbA==",
          "dependencies": [
            "aws_s3_bucket.bucket-1",
            "data.aws_s3_bucket.selected-bucket"
          ]
        }
      ]
    },
    {
      "mode": "managed",
      "type": "aws_s3_bucket_ownership_controls",
      "name": "s3_bucket_acl_ownership",
      "provider": "provider[\"registry.terraform.io/hashicorp/aws\"]",
      "instances": [
        {
          "schema_version": 0,
          "attributes": {
            "bucket": "www.pizzeriaroma-spandau-website",
            "id": "www.pizzeriaroma-spandau-website",
            "rule": [
              {
                "object_ownership": "BucketOwnerPreferred"
              }
            ]
          },
          "sensitive_attributes": [],
          "private": "bnVsbA==",
          "dependencies": [
            "aws_s3_bucket.bucket-1",
            "aws_s3_bucket_public_access_block.example",
            "data.aws_s3_bucket.selected-bucket"
          ]
        }
      ]
    },
    {
      "mode": "managed",
      "type": "aws_s3_bucket_policy",
      "name": "bucket-policy",
      "provider": "provider[\"registry.terraform.io/hashicorp/aws\"]",
      "instances": [
        {
          "schema_version": 0,
          "attributes": {
            "bucket": "www.pizzeriaroma-spandau-website",
            "id": "www.pizzeriaroma-spandau-website",
            "policy": "{\"Statement\":[{\"Action\":\"S3:GetObject\",\"Effect\":\"Allow\",\"Principal\":\"*\",\"Resource\":[\"arn:aws:s3:::www.pizzeriaroma-spandau-website/*\",\"arn:aws:s3:::www.pizzeriaroma-spandau-website\"],\"Sid\":\"AllowPublicRead\"}],\"Version\":\"2012-10-17\"}"
          },
          "sensitive_attributes": [],
          "private": "bnVsbA==",
          "dependencies": [
            "aws_s3_bucket.bucket-1",
            "aws_s3_bucket_public_access_block.example",
            "data.aws_iam_policy_document.iam-policy-1",
            "data.aws_s3_bucket.selected-bucket"
          ]
        }
      ]
    },
    {
      "mode": "managed",
      "type": "aws_s3_bucket_public_access_block",
      "name": "example",
      "provider": "provider[\"registry.terraform.io/hashicorp/aws\"]",
      "instances": [
        {
          "schema_version": 0,
          "attributes": {
            "block_public_acls": false,
            "block_public_policy": false,
            "bucket": "www.pizzeriaroma-spandau-website",
            "id": "www.pizzeriaroma-spandau-website",
            "ignore_public_acls": false,
            "restrict_public_buckets": false
          },
          "sensitive_attributes": [],
          "private": "bnVsbA==",
          "dependencies": [
            "aws_s3_bucket.bucket-1",
            "data.aws_s3_bucket.selected-bucket"
          ]
        }
      ]
    },
    {
      "mode": "managed",
      "type": "aws_s3_bucket_versioning",
      "name": "versioning_example",
      "provider": "provider[\"registry.terraform.io/hashicorp/aws\"]",
      "instances": [
        {
          "schema_version": 0,
          "attributes": {
            "bucket": "www.pizzeriaroma-spandau-website",
            "expected_bucket_owner": "",
            "id": "www.pizzeriaroma-spandau-website",
            "mfa": null,
            "versioning_configuration": [
              {
                "mfa_delete": "",
                "status": "Enabled"
              }
            ]
          },
          "sensitive_attributes": [],
          "private": "bnVsbA==",
          "dependencies": [
            "aws_s3_bucket.bucket-1",
            "data.aws_s3_bucket.selected-bucket"
          ]
        }
      ]
    },
    {
      "mode": "managed",
      "type": "aws_s3_bucket_website_configuration",
      "name": "website-config",
      "provider": "provider[\"registry.terraform.io/hashicorp/aws\"]",
      "instances": [
        {
          "schema_version": 0,
          "attributes": {
            "bucket": "www.pizzeriaroma-spandau-website",
            "error_document": [
              {
                "key": "404.html"
              }
            ],
            "expected_bucket_owner": "",
            "id": "www.pizzeriaroma-spandau-website",
            "index_document": [
              {
                "suffix": "index.html"
              }
            ],
            "redirect_all_requests_to": [],
            "routing_rule": [],
            "website_domain": "s3-website.eu-central-1.amazonaws.com",
            "website_endpoint": "www.pizzeriaroma-spandau-website.s3-website.eu-central-1.amazonaws.com"
          },
          "sensitive_attributes": [],
          "private": "bnVsbA==",
          "dependencies": [
            "aws_s3_bucket.bucket-1",
            "data.aws_s3_bucket.selected-bucket"
          ]
        }
      ]
    }
  ],
  "check_results": null
}
